
Microsoft Visual Studio Solution File, Format Version 12.00
# Visual Studio Version 17
VisualStudioVersion = 17.9.34723.18
MinimumVisualStudioVersion = 10.0.40219.1
Project("{2150E333-8FDC-42A3-9474-1A3956D46DE8}") = "src", "src", "{5A06557A-B4AF-4580-9E78-329C3A0041F2}"
EndProject
Project("{9A19103F-16F7-4668-BE54-9A1E7A4F7556}") = "AutoBackupExtension", "src\AutoBackupExtension\AutoBackupExtension.csproj", "{679775A9-79C5-4F50-BDFB-2A9A7853D3F6}"
EndProject
Global
	GlobalSection(SolutionConfigurationPlatforms) = preSolution
		Debug|Any CPU = Debug|Any CPU
		Release|Any CPU = Release|Any CPU
	EndGlobalSection
	GlobalSection(ProjectConfigurationPlatforms) = postSolution
		{679775A9-79C5-4F50-BDFB-2A9A7853D3F6}.Debug|Any CPU.ActiveCfg = Debug|Any CPU
		{679775A9-79C5-4F50-BDFB-2A9A7853D3F6}.Debug|Any CPU.Build.0 = Debug|Any CPU
		{679775A9-79C5-4F50-BDFB-2A9A7853D3F6}.Debug|Any CPU.Deploy.0 = Debug|Any CPU
		{679775A9-79C5-4F50-BDFB-2A9A7853D3F6}.Release|Any CPU.ActiveCfg = Release|Any CPU
		{679775A9-79C5-4F50-BDFB-2A9A7853D3F6}.Release|Any CPU.Build.0 = Release|Any CPU
		{679775A9-79C5-4F50-BDFB-2A9A7853D3F6}.Release|Any CPU.Deploy.0 = Release|Any CPU
	EndGlobalSection
	GlobalSection(SolutionProperties) = preSolution
		HideSolutionNode = FALSE
	EndGlobalSection
	GlobalSection(NestedProjects) = preSolution
		{679775A9-79C5-4F50-BDFB-2A9A7853D3F6} = {5A06557A-B4AF-4580-9E78-329C3A0041F2}
	EndGlobalSection
	GlobalSection(ExtensibilityGlobals) = postSolution
		SolutionGuid = {9FAF3545-C86A-46D0-AAB1-B76D8415989A}
	EndGlobalSection
EndGlobal
